
Microsoft Visual Studio Solution File, Format Version 12.00
# Visual Studio Version 16
VisualStudioVersion = 16.0.32407.337
MinimumVisualStudioVersion = 10.0.40219.1
Project("{FAE04EC0-301F-11D3-BF4B-00C04F79EFBC}") = "OrdemCrescente", "OrdemCrescente\OrdemCrescente.csproj", "{4D3A53C1-D66E-4C9A-9C01-9D2D3E3CB118}"
EndProject
Global
	GlobalSection(SolutionConfigurationPlatforms) = preSolution
		Debug|Any CPU = Debug|Any CPU
		Release|Any CPU = Release|Any CPU
	EndGlobalSection
	GlobalSection(ProjectConfigurationPlatforms) = postSolution
		{4D3A53C1-D66E-4C9A-9C01-9D2D3E3CB118}.Debug|Any CPU.ActiveCfg = Debug|Any CPU
		{4D3A53C1-D66E-4C9A-9C01-9D2D3E3CB118}.Debug|Any CPU.Build.0 = Debug|Any CPU
		{4D3A53C1-D66E-4C9A-9C01-9D2D3E3CB118}.Release|Any CPU.ActiveCfg = Release|Any CPU
		{4D3A53C1-D66E-4C9A-9C01-9D2D3E3CB118}.Release|Any CPU.Build.0 = Release|Any CPU
	EndGlobalSection
	GlobalSection(SolutionProperties) = preSolution
		HideSolutionNode = FALSE
	EndGlobalSection
	GlobalSection(ExtensibilityGlobals) = postSolution
		SolutionGuid = {3944F730-CD3F-4898-B2CB-E5D45CBDA2CD}
	EndGlobalSection
EndGlobal
